
Microsoft Visual Studio Solution File, Format Version 12.00
# Visual Studio Version 17
VisualStudioVersion = 17.11.35312.102
MinimumVisualStudioVersion = 10.0.40219.1
Project("{9A19103F-16F7-4668-BE54-9A1E7A4F7556}") = "TodoApp", "TodoApp\TodoApp.csproj", "{3522A737-5354-4622-9A47-E4272574961A}"
EndProject
Global
	GlobalSection(SolutionConfigurationPlatforms) = preSolution
		Debug|Any CPU = Debug|Any CPU
		Release|Any CPU = Release|Any CPU
	EndGlobalSection
	GlobalSection(ProjectConfigurationPlatforms) = postSolution
		{3522A737-5354-4622-9A47-E4272574961A}.Debug|Any CPU.ActiveCfg = Debug|Any CPU
		{3522A737-5354-4622-9A47-E4272574961A}.Debug|Any CPU.Build.0 = Debug|Any CPU
		{3522A737-5354-4622-9A47-E4272574961A}.Release|Any CPU.ActiveCfg = Release|Any CPU
		{3522A737-5354-4622-9A47-E4272574961A}.Release|Any CPU.Build.0 = Release|Any CPU
	EndGlobalSection
	GlobalSection(SolutionProperties) = preSolution
		HideSolutionNode = FALSE
	EndGlobalSection
	GlobalSection(ExtensibilityGlobals) = postSolution
		SolutionGuid = {88086F9E-D00F-4382-99D3-FF703AA6A5F0}
	EndGlobalSection
EndGlobal
